
Microsoft Visual Studio Solution File, Format Version 12.00
# Visual Studio Version 16
VisualStudioVersion = 16.0.29911.84
MinimumVisualStudioVersion = 10.0.40219.1
Project("{FAE04EC0-301F-11D3-BF4B-00C04F79EFBC}") = "Bititme", "Bititme\Bititme.csproj", "{017DB6A5-6D0E-4049-8496-903E45FCCD51}"
EndProject
Global
	GlobalSection(SolutionConfigurationPlatforms) = preSolution
		Debug|Any CPU = Debug|Any CPU
		Release|Any CPU = Release|Any CPU
	EndGlobalSection
	GlobalSection(ProjectConfigurationPlatforms) = postSolution
		{017DB6A5-6D0E-4049-8496-903E45FCCD51}.Debug|Any CPU.ActiveCfg = Debug|Any CPU
		{017DB6A5-6D0E-4049-8496-903E45FCCD51}.Debug|Any CPU.Build.0 = Debug|Any CPU
		{017DB6A5-6D0E-4049-8496-903E45FCCD51}.Release|Any CPU.ActiveCfg = Release|Any CPU
		{017DB6A5-6D0E-4049-8496-903E45FCCD51}.Release|Any CPU.Build.0 = Release|Any CPU
	EndGlobalSection
	GlobalSection(SolutionProperties) = preSolution
		HideSolutionNode = FALSE
	EndGlobalSection
	GlobalSection(ExtensibilityGlobals) = postSolution
		SolutionGuid = {3C343F83-3445-45E6-9711-35A021503663}
	EndGlobalSection
EndGlobal
